// !$*UTF8*$!
{
	archiveVersion = 1;
	classes = {
	};
	objectVersion = 46;
	objects = {

/* Begin PBXBuildFile section */
		CB3ABD7E1DDE940800DF629D /* AppDelegate.swift in Sources */ = {isa = PBXBuildFile; fileRef = CB3ABD7D1DDE940800DF629D /* AppDelegate.swift */; };
		CB3ABD801DDE940800DF629D /* ViewController.swift in Sources */ = {isa = PBXBuildFile; fileRef = CB3ABD7F1DDE940800DF629D /* ViewController.swift */; };
		CB3ABD831DDE940800DF629D /* Main.storyboard in Resources */ = {isa = PBXBuildFile; fileRef = CB3ABD811DDE940800DF629D /* Main.storyboard */; };
		CB3ABD851DDE940800DF629D /* Assets.xcassets in Resources */ = {isa = PBXBuildFile; fileRef = CB3ABD841DDE940800DF629D /* Assets.xcassets */; };
		CB3ABD881DDE940800DF629D /* LaunchScreen.storyboard in Resources */ = {isa = PBXBuildFile; fileRef = CB3ABD861DDE940800DF629D /* LaunchScreen.storyboard */; };
/* End PBXBuildFile section */

/* Begin PBXFileReference section */
		CB3ABD7A1DDE940800DF629D /* DF_app.app */ = {isa = PBXFileReference; explicitFileType = wrapper.application; includeInIndex = 0; path = DF_app.app; sourceTree = BUILT_PRODUCTS_DIR; };
		CB3ABD7D1DDE940800DF629D /* AppDelegate.swift */ = {isa = PBXFileReference; lastKnownFileType = sourcecode.swift; path = AppDelegate.swift; sourceTree = "<group>"; };
		CB3ABD7F1DDE940800DF629D /* ViewController.swift */ = {isa = PBXFileReference; lastKnownFileType = sourcecode.swift; path = ViewController.swift; sourceTree = "<group>"; };
		CB3ABD821DDE940800DF629D /* Base */ = {isa = PBXFileReference; lastKnownFileType = file.storyboard; name = Base; path = Base.lproj/Main.storyboard; sourceTree = "<group>"; };
		CB3ABD841DDE940800DF629D /* Assets.xcassets */ = {isa = PBXFileReference; lastKnownFileType = folder.assetcatalog; path = Assets.xcassets; sourceTree = "<group>"; };
		CB3ABD871DDE940800DF629D /* Base */ = {isa = PBXFileReference; lastKnownFileType = file.storyboard; name = Base; path = Base.lproj/LaunchScreen.storyboard; sourceTree = "<group>"; };
		CB3ABD891DDE940800DF629D /* Info.plist */ = {isa = PBXFileReference; lastKnownFileType = text.plist.xml; path = Info.plist; sourceTree = "<group>"; };
/* End PBXFileReference section */

/* Begin PBXFrameworksBuildPhase section */
		CB3ABD771DDE940800DF629D /* Frameworks */ = {
			isa = PBXFrameworksBuildPhase;
			buildActionMask = 2147483647;
			files = (
			);
			runOnlyForDeploymentPostprocessing = 0;
		};
/* End PBXFrameworksBuildPhase section */

/* Begin PBXGroup section */
		CB3ABD711DDE940800DF629D = {
			isa = PBXGroup;
			children = (
				CB3ABD7C1DDE940800DF629D /* DF_app */,
				CB3ABD7B1DDE940800DF629D /* Products */,
			);
			sourceTree = "<group>";
		};
		CB3ABD7B1DDE940800DF629D /* Products */ = {
			isa = PBXGroup;
			children = (
				CB3ABD7A1DDE940800DF629D /* DF_app.app */,
			);
			name = Products;
			sourceTree = "<group>";
		};
		CB3ABD7C1DDE940800DF629D /* DF_app */ = {
			isa = PBXGroup;
			children = (
				CB3ABD7D1DDE940800DF629D /* AppDelegate.swift */,
				CB3ABD7F1DDE940800DF629D /* ViewController.swift */,
				CB3ABD811DDE940800DF629D /* Main.storyboard */,
				CB3ABD841DDE940800DF629D /* Assets.xcassets */,
				CB3ABD861DDE940800DF629D /* LaunchScreen.storyboard */,
				CB3ABD891DDE940800DF629D /* Info.plist */,
			);
			path = DF_app;
			sourceTree = "<group>";
		};
/* End PBXGroup section */

/* Begin PBXNativeTarget section */
		CB3ABD791DDE940800DF629D /* DF_app */ = {
			isa = PBXNativeTarget;
			buildConfigurationList = CB3ABD8C1DDE940800DF629D /* Build configuration list for PBXNativeTarget "DF_app" */;
			buildPhases = (
				CB3ABD761DDE940800DF629D /* Sources */,
				CB3ABD771DDE940800DF629D /* Frameworks */,
				CB3ABD781DDE940800DF629D /* Resources */,
			);
			buildRules = (
			);
			dependencies = (
			);
			name = DF_app;
			productName = DF_app;
			productReference = CB3ABD7A1DDE940800DF629D /* DF_app.app */;
			productType = "com.apple.product-type.application";
		};
/* End PBXNativeTarget section */

/* Begin PBXProject section */
		CB3ABD721DDE940800DF629D /* Project object */ = {
			isa = PBXProject;
			attributes = {
				LastSwiftUpdateCheck = 0810;
				LastUpgradeCheck = 0810;
				ORGANIZATIONNAME = Prang;
				TargetAttributes = {
					CB3ABD791DDE940800DF629D = {
						CreatedOnToolsVersion = 8.1;
						ProvisioningStyle = Automatic;
					};
				};
			};
			buildConfigurationList = CB3ABD751DDE940800DF629D /* Build configuration list for PBXProject "DF_app" */;
			compatibilityVersion = "Xcode 3.2";
			developmentRegion = English;
			hasScannedForEncodings = 0;
			knownRegions = (
				en,
				Base,
			);
			mainGroup = CB3ABD711DDE940800DF629D;
			productRefGroup = CB3ABD7B1DDE940800DF629D /* Products */;
			projectDirPath = "";
			projectRoot = "";
			targets = (
				CB3ABD791DDE940800DF629D /* DF_app */,
			);
		};
/* End PBXProject section */

/* Begin PBXResourcesBuildPhase section */
		CB3ABD781DDE940800DF629D /* Resources */ = {
			isa = PBXResourcesBuildPhase;
			buildActionMask = 2147483647;
			files = (
				CB3ABD881DDE940800DF629D /* LaunchScreen.storyboard in Resources */,
				CB3ABD851DDE940800DF629D /* Assets.xcassets in Resources */,
				CB3ABD831DDE940800DF629D /* Main.storyboard in Resources */,
			);
			runOnlyForDeploymentPostprocessing = 0;
		};
/* End PBXResourcesBuildPhase section */

/* Begin PBXSourcesBuildPhase section */
		CB3ABD761DDE940800DF629D /* Sources */ = {
			isa = PBXSourcesBuildPhase;
			buildActionMask = 2147483647;
			files = (
				CB3ABD801DDE940800DF629D /* ViewController.swift in Sources */,
				CB3ABD7E1DDE940800DF629D /* AppDelegate.swift in Sources */,
			);
			runOnlyForDeploymentPostprocessing = 0;
		};
/* End PBXSourcesBuildPhase section */

/* Begin PBXVariantGroup section */
		CB3ABD811DDE940800DF629D /* Main.storyboard */ = {
			isa = PBXVariantGroup;
			children = (
				CB3ABD821DDE940800DF629D /* Base */,
			);
			name = Main.storyboard;
			sourceTree = "<group>";
		};
		CB3ABD861DDE940800DF629D /* LaunchScreen.storyboard */ = {
			isa = PBXVariantGroup;
			children = (
				CB3ABD871DDE940800DF629D /* Base */,
			);
			name = LaunchScreen.storyboard;
			sourceTree = "<group>";
		};
/* End PBXVariantGroup section */

/* Begin XCBuildConfiguration section */
		CB3ABD8A1DDE940800DF629D /* Debug */ = {
			isa = XCBuildConfiguration;
			buildSettings = {
				ALWAYS_SEARCH_USER_PATHS = NO;
				CLANG_ANALYZER_NONNULL = YES;
				CLANG_CXX_LANGUAGE_STANDARD = "gnu++0x";
				CLANG_CXX_LIBRARY = "libc++";
				CLANG_ENABLE_MODULES = YES;
				CLANG_ENABLE_OBJC_ARC = YES;
				CLANG_WARN_BOOL_CONVERSION = YES;
				CLANG_WARN_CONSTANT_CONVERSION = YES;
				CLANG_WARN_DIRECT_OBJC_ISA_USAGE = YES_ERROR;
				CLANG_WARN_DOCUMENTATION_COMMENTS = YES;
				CLANG_WARN_EMPTY_BODY = YES;
				CLANG_WARN_ENUM_CONVERSION = YES;
				CLANG_WARN_INFINITE_RECURSION = YES;
				CLANG_WARN_INT_CONVERSION = YES;
				CLANG_WARN_OBJC_ROOT_CLASS = YES_ERROR;
				CLANG_WARN_SUSPICIOUS_MOVES = YES;
				CLANG_WARN_UNREACHABLE_CODE = YES;
				CLANG_WARN__DUPLICATE_METHOD_MATCH = YES;
				"CODE_SIGN_IDENTITY[sdk=iphoneos*]" = "iPhone Developer";
				COPY_PHASE_STRIP = NO;
				DEBUG_INFORMATION_FORMAT = dwarf;
				ENABLE_STRICT_OBJC_MSGSEND = YES;
				ENABLE_TESTABILITY = YES;
				GCC_C_LANGUAGE_STANDARD = gnu99;
				GCC_DYNAMIC_NO_PIC = NO;
				GCC_NO_COMMON_BLOCKS = YES;
				GCC_OPTIMIZATION_LEVEL = 0;
				GCC_PREPROCESSOR_DEFINITIONS = (
					"DEBUG=1",
					"$(inherited)",
				);
				GCC_WARN_64_TO_32_BIT_CONVERSION = YES;
				GCC_WARN_ABOUT_RETURN_TYPE = YES_ERROR;
				GCC_WARN_UNDECLARED_SELECTOR = YES;
				GCC_WARN_UNINITIALIZED_AUTOS = YES_AGGRESSIVE;
				GCC_WARN_UNUSED_FUNCTION = YES;
				GCC_WARN_UNUSED_VARIABLE = YES;
				IPHONEOS_DEPLOYMENT_TARGET = 10.1;
				MTL_ENABLE_DEBUG_INFO = YES;
				ONLY_ACTIVE_ARCH = YES;
				SDKROOT = iphoneos;
				SWIFT_ACTIVE_COMPILATION_CONDITIONS = DEBUG;
				SWIFT_OPTIMIZATION_LEVEL = "-Onone";
				TARGETED_DEVICE_FAMILY = "1,2";
			};
			name = Debug;
		};
		CB3ABD8B1DDE940800DF629D /* Release */ = {
			isa = XCBuildConfiguration;
			buildSettings = {
				ALWAYS_SEARCH_USER_PATHS = NO;
				CLANG_ANALYZER_NONNULL = YES;
				CLANG_CXX_LANGUAGE_STANDARD = "gnu++0x";
				CLANG_CXX_LIBRARY = "libc++";
				CLANG_ENABLE_MODULES = YES;
				CLANG_ENABLE_OBJC_ARC = YES;
				CLANG_WARN_BOOL_CONVERSION = YES;
				CLANG_WARN_CONSTANT_CONVERSION = YES;
				CLANG_WARN_DIRECT_OBJC_ISA_USAGE = YES_ERROR;
				CLANG_WARN_DOCUMENTATION_COMMENTS = YES;
				CLANG_WARN_EMPTY_BODY = YES;
				CLANG_WARN_ENUM_CONVERSION = YES;
				CLANG_WARN_INFINITE_RECURSION = YES;
				CLANG_WARN_INT_CONVERSION = YES;
				CLANG_WARN_OBJC_ROOT_CLASS = YES_ERROR;
				CLANG_WARN_SUSPICIOUS_MOVES = YES;
				CLANG_WARN_UNREACHABLE_CODE = YES;
				CLANG_WARN__DUPLICATE_METHOD_MATCH = YES;
				"CODE_SIGN_IDENTITY[sdk=iphoneos*]" = "iPhone Developer";
				COPY_PHASE_STRIP = NO;
				DEBUG_INFORMATION_FORMAT = "dwarf-with-dsym";
				ENABLE_NS_ASSERTIONS = NO;
				ENABLE_STRICT_OBJC_MSGSEND = YES;
				GCC_C_LANGUAGE_STANDARD = gnu99;
				GCC_NO_COMMON_BLOCKS = YES;
				GCC_WARN_64_TO_32_BIT_CONVERSION = YES;
				GCC_WARN_ABOUT_RETURN_TYPE = YES_ERROR;
				GCC_WARN_UNDECLARED_SELECTOR = YES;
				GCC_WARN_UNINITIALIZED_AUTOS = YES_AGGRESSIVE;
				GCC_WARN_UNUSED_FUNCTION = YES;
				GCC_WARN_UNUSED_VARIABLE = YES;
				IPHONEOS_DEPLOYMENT_TARGET = 10.1;
				MTL_ENABLE_DEBUG_INFO = NO;
				SDKROOT = iphoneos;
				SWIFT_OPTIMIZATION_LEVEL = "-Owholemodule";
				TARGETED_DEVICE_FAMILY = "1,2";
				VALIDATE_PRODUCT = YES;
			};
			name = Release;
		};
		CB3ABD8D1DDE940800DF629D /* Debug */ = {
			isa = XCBuildConfiguration;
			buildSettings = {
				ASSETCATALOG_COMPILER_APPICON_NAME = AppIcon;
				INFOPLIST_FILE = DF_app/Info.plist;
				LD_RUNPATH_SEARCH_PATHS = "$(inherited) @executable_path/Frameworks";
				PRODUCT_BUNDLE_IDENTIFIER = "Prang.DF-app";
				PRODUCT_NAME = "$(TARGET_NAME)";
				SWIFT_VERSION = 3.0;
			};
			name = Debug;
		};
		CB3ABD8E1DDE940800DF629D /* Release */ = {
			isa = XCBuildConfiguration;
			buildSettings = {
				ASSETCATALOG_COMPILER_APPICON_NAME = AppIcon;
				INFOPLIST_FILE = DF_app/Info.plist;
				LD_RUNPATH_SEARCH_PATHS = "$(inherited) @executable_path/Frameworks";
				PRODUCT_BUNDLE_IDENTIFIER = "Prang.DF-app";
				PRODUCT_NAME = "$(TARGET_NAME)";
				SWIFT_VERSION = 3.0;
			};
			name = Release;
		};
/* End XCBuildConfiguration section */

/* Begin XCConfigurationList section */
		CB3ABD751DDE940800DF629D /* Build configuration list for PBXProject "DF_app" */ = {
			isa = XCConfigurationList;
			buildConfigurations = (
				CB3ABD8A1DDE940800DF629D /* Debug */,
				CB3ABD8B1DDE940800DF629D /* Release */,
			);
			defaultConfigurationIsVisible = 0;
			defaultConfigurationName = Release;
		};
		CB3ABD8C1DDE940800DF629D /* Build configuration list for PBXNativeTarget "DF_app" */ = {
			isa = XCConfigurationList;
			buildConfigurations = (
				CB3ABD8D1DDE940800DF629D /* Debug */,
				CB3ABD8E1DDE940800DF629D /* Release */,
			);
			defaultConfigurationIsVisible = 0;
		};
/* End XCConfigurationList section */
	};
	rootObject = CB3ABD721DDE940800DF629D /* Project object */;
}
